// !$*UTF8*$!
{
	archiveVersion = 1;
	classes = {
	};
	objectVersion = 54;
	objects = {

/* Begin PBXBuildFile section */
		0328B97F59466EC8B06A08E2 /* bundle.js in Resources */ = {isa = PBXBuildFile; fileRef = 29494A3DF10485A4AA81DED8 /* bundle.js */; };
		107C9B309F128A5CB2FDCD99 /* SceneDelegate.swift in Sources */ = {isa = PBXBuildFile; fileRef = AA871E45FFAEF5A40F39A1EC /* SceneDelegate.swift */; };
		524CF821C171CD0E4E0C62FB /* AppDelegate.swift in Sources */ = {isa = PBXBuildFile; fileRef = 4662942420AA8DDECFF10ACD /* AppDelegate.swift */; };
		ACD5806FE5C4353C36E8D6CE /* TempoBridge.swift in Sources */ = {isa = PBXBuildFile; fileRef = 524A03A3B4083D3AFCB1DED2 /* TempoBridge.swift */; };
/* End PBXBuildFile section */

/* Begin PBXFileReference section */
		29494A3DF10485A4AA81DED8 /* bundle.js */ = {isa = PBXFileReference; lastKnownFileType = sourcecode.javascript; path = bundle.js; sourceTree = "<group>"; };
		29D2A9C93489AC46CF1A56B6 /* Info.plist */ = {isa = PBXFileReference; lastKnownFileType = text.plist; path = Info.plist; sourceTree = "<group>"; };
		4662942420AA8DDECFF10ACD /* AppDelegate.swift */ = {isa = PBXFileReference; lastKnownFileType = sourcecode.swift; path = AppDelegate.swift; sourceTree = "<group>"; };
		524A03A3B4083D3AFCB1DED2 /* TempoBridge.swift */ = {isa = PBXFileReference; lastKnownFileType = sourcecode.swift; path = TempoBridge.swift; sourceTree = "<group>"; };
		A780E6579A333A3BEF341405 /* TempoHNPWA.app */ = {isa = PBXFileReference; includeInIndex = 0; lastKnownFileType = wrapper.application; path = TempoHNPWA.app; sourceTree = BUILT_PRODUCTS_DIR; };
		AA871E45FFAEF5A40F39A1EC /* SceneDelegate.swift */ = {isa = PBXFileReference; lastKnownFileType = sourcecode.swift; path = SceneDelegate.swift; sourceTree = "<group>"; };
/* End PBXFileReference section */

/* Begin PBXGroup section */
		0A285B68D39988B14DA269BF /* dist */ = {
			isa = PBXGroup;
			children = (
				29494A3DF10485A4AA81DED8 /* bundle.js */,
			);
			path = dist;
			sourceTree = "<group>";
		};
		3FEE8B0BB21A97EAB80FEA6A /* Products */ = {
			isa = PBXGroup;
			children = (
				A780E6579A333A3BEF341405 /* TempoHNPWA.app */,
			);
			name = Products;
			sourceTree = "<group>";
		};
		87EC17DF48D6985705EED1C3 = {
			isa = PBXGroup;
			children = (
				0A285B68D39988B14DA269BF /* dist */,
				9CCBF4C68F9B2D88C3B07A37 /* TempoDemo */,
				3FEE8B0BB21A97EAB80FEA6A /* Products */,
			);
			sourceTree = "<group>";
		};
		9CCBF4C68F9B2D88C3B07A37 /* TempoDemo */ = {
			isa = PBXGroup;
			children = (
				4662942420AA8DDECFF10ACD /* AppDelegate.swift */,
				29D2A9C93489AC46CF1A56B6 /* Info.plist */,
				AA871E45FFAEF5A40F39A1EC /* SceneDelegate.swift */,
				524A03A3B4083D3AFCB1DED2 /* TempoBridge.swift */,
			);
			path = TempoDemo;
			sourceTree = "<group>";
		};
/* End PBXGroup section */

/* Begin PBXNativeTarget section */
		A9FC56DB91AE968B26E48A2A /* TempoHNPWA */ = {
			isa = PBXNativeTarget;
			buildConfigurationList = AD058772A3AD18107CAF52DE /* Build configuration list for PBXNativeTarget "TempoHNPWA" */;
			buildPhases = (
				A498376B0473A8B9FABEBFD7 /* Sources */,
				17C11F975134A7E07389E653 /* Resources */,
			);
			buildRules = (
			);
			dependencies = (
			);
			name = TempoHNPWA;
			productName = TempoHNPWA;
			productReference = A780E6579A333A3BEF341405 /* TempoHNPWA.app */;
			productType = "com.apple.product-type.application";
		};
/* End PBXNativeTarget section */

/* Begin PBXProject section */
		D6F15F0A8115C0DF3E67EC29 /* Project object */ = {
			isa = PBXProject;
			attributes = {
				BuildIndependentTargetsInParallel = YES;
				LastUpgradeCheck = 1600;
				TargetAttributes = {
					A9FC56DB91AE968B26E48A2A = {
						DevelopmentTeam = "";
					};
				};
			};
			buildConfigurationList = 48DBA181A6A39DBF09AFCFD5 /* Build configuration list for PBXProject "TempoHNPWA" */;
			compatibilityVersion = "Xcode 14.0";
			developmentRegion = en;
			hasScannedForEncodings = 0;
			knownRegions = (
				Base,
				en,
			);
			mainGroup = 87EC17DF48D6985705EED1C3;
			projectDirPath = "";
			projectRoot = "";
			targets = (
				A9FC56DB91AE968B26E48A2A /* TempoHNPWA */,
			);
		};
/* End PBXProject section */

/* Begin PBXResourcesBuildPhase section */
		17C11F975134A7E07389E653 /* Resources */ = {
			isa = PBXResourcesBuildPhase;
			buildActionMask = 2147483647;
			files = (
				0328B97F59466EC8B06A08E2 /* bundle.js in Resources */,
			);
			runOnlyForDeploymentPostprocessing = 0;
		};
/* End PBXResourcesBuildPhase section */

/* Begin PBXSourcesBuildPhase section */
		A498376B0473A8B9FABEBFD7 /* Sources */ = {
			isa = PBXSourcesBuildPhase;
			buildActionMask = 2147483647;
			files = (
				524CF821C171CD0E4E0C62FB /* AppDelegate.swift in Sources */,
				107C9B309F128A5CB2FDCD99 /* SceneDelegate.swift in Sources */,
				ACD5806FE5C4353C36E8D6CE /* TempoBridge.swift in Sources */,
			);
			runOnlyForDeploymentPostprocessing = 0;
		};
/* End PBXSourcesBuildPhase section */

/* Begin XCBuildConfiguration section */
		05393DEEFE22CD76FFBE7AB1 /* Debug */ = {
			isa = XCBuildConfiguration;
			buildSettings = {
				ASSETCATALOG_COMPILER_APPICON_NAME = AppIcon;
				CODE_SIGN_IDENTITY = "iPhone Developer";
				DEVELOPMENT_TEAM = "";
				INFOPLIST_FILE = TempoDemo/Info.plist;
				LD_RUNPATH_SEARCH_PATHS = (
					"$(inherited)",
					"@executable_path/Frameworks",
				);
				PRODUCT_BUNDLE_IDENTIFIER = com.tempots.hnpwa;
				SDKROOT = iphoneos;
				SWIFT_VERSION = 5.0;
				TARGETED_DEVICE_FAMILY = "1,2";
			};
			name = Debug;
		};
		11A5A312FD65F8D0C65E693D /* Release */ = {
			isa = XCBuildConfiguration;
			buildSettings = {
				ASSETCATALOG_COMPILER_APPICON_NAME = AppIcon;
				CODE_SIGN_IDENTITY = "iPhone Developer";
				DEVELOPMENT_TEAM = "";
				INFOPLIST_FILE = TempoDemo/Info.plist;
				LD_RUNPATH_SEARCH_PATHS = (
					"$(inherited)",
					"@executable_path/Frameworks",
				);
				PRODUCT_BUNDLE_IDENTIFIER = com.tempots.hnpwa;
				SDKROOT = iphoneos;
				SWIFT_VERSION = 5.0;
				TARGETED_DEVICE_FAMILY = "1,2";
			};
			name = Release;
		};
		9EF11AF80BAB8A30846C8D41 /* Debug */ = {
			isa = XCBuildConfiguration;
			buildSettings = {
				ALWAYS_SEARCH_USER_PATHS = NO;
				CLANG_ANALYZER_NONNULL = YES;
				CLANG_ANALYZER_NUMBER_OBJECT_CONVERSION = YES_AGGRESSIVE;
				CLANG_CXX_LANGUAGE_STANDARD = "gnu++14";
				CLANG_CXX_LIBRARY = "libc++";
				CLANG_ENABLE_MODULES = YES;
				CLANG_ENABLE_OBJC_ARC = YES;
				CLANG_ENABLE_OBJC_WEAK = YES;
				CLANG_WARN_BLOCK_CAPTURE_AUTORELEASING = YES;
				CLANG_WARN_BOOL_CONVERSION = YES;
				CLANG_WARN_COMMA = YES;
				CLANG_WARN_CONSTANT_CONVERSION = YES;
				CLANG_WARN_DEPRECATED_OBJC_IMPLEMENTATIONS = YES;
				CLANG_WARN_DIRECT_OBJC_ISA_USAGE = YES_ERROR;
				CLANG_WARN_DOCUMENTATION_COMMENTS = YES;
				CLANG_WARN_EMPTY_BODY = YES;
				CLANG_WARN_ENUM_CONVERSION = YES;
				CLANG_WARN_INFINITE_RECURSION = YES;
				CLANG_WARN_INT_CONVERSION = YES;
				CLANG_WARN_NON_LITERAL_NULL_CONVERSION = YES;
				CLANG_WARN_OBJC_IMPLICIT_RETAIN_SELF = YES;
				CLANG_WARN_OBJC_LITERAL_CONVERSION = YES;
				CLANG_WARN_OBJC_ROOT_CLASS = YES_ERROR;
				CLANG_WARN_QUOTED_INCLUDE_IN_FRAMEWORK_HEADER = YES;
				CLANG_WARN_RANGE_LOOP_ANALYSIS = YES;
				CLANG_WARN_STRICT_PROTOTYPES = YES;
				CLANG_WARN_SUSPICIOUS_MOVE = YES;
				CLANG_WARN_UNGUARDED_AVAILABILITY = YES_AGGRESSIVE;
				CLANG_WARN_UNREACHABLE_CODE = YES;
				CLANG_WARN__DUPLICATE_METHOD_MATCH = YES;
				COPY_PHASE_STRIP = NO;
				DEBUG_INFORMATION_FORMAT = dwarf;
				ENABLE_STRICT_OBJC_MSGSEND = YES;
				ENABLE_TESTABILITY = YES;
				GCC_C_LANGUAGE_STANDARD = gnu11;
				GCC_DYNAMIC_NO_PIC = NO;
				GCC_NO_COMMON_BLOCKS = YES;
				GCC_OPTIMIZATION_LEVEL = 0;
				GCC_PREPROCESSOR_DEFINITIONS = (
					"$(inherited)",
					"DEBUG=1",
				);
				GCC_WARN_64_TO_32_BIT_CONVERSION = YES;
				GCC_WARN_ABOUT_RETURN_TYPE = YES_ERROR;
				GCC_WARN_UNDECLARED_SELECTOR = YES;
				GCC_WARN_UNINITIALIZED_AUTOS = YES_AGGRESSIVE;
				GCC_WARN_UNUSED_FUNCTION = YES;
				GCC_WARN_UNUSED_VARIABLE = YES;
				IPHONEOS_DEPLOYMENT_TARGET = 15.0;
				MTL_ENABLE_DEBUG_INFO = INCLUDE_SOURCE;
				MTL_FAST_MATH = YES;
				ONLY_ACTIVE_ARCH = YES;
				PRODUCT_NAME = "$(TARGET_NAME)";
				SDKROOT = iphoneos;
				SWIFT_ACTIVE_COMPILATION_CONDITIONS = DEBUG;
				SWIFT_OPTIMIZATION_LEVEL = "-Onone";
				SWIFT_VERSION = 5.0;
			};
			name = Debug;
		};
		ABB0CBB687618FF9CED660B7 /* Release */ = {
			isa = XCBuildConfiguration;
			buildSettings = {
				ALWAYS_SEARCH_USER_PATHS = NO;
				CLANG_ANALYZER_NONNULL = YES;
				CLANG_ANALYZER_NUMBER_OBJECT_CONVERSION = YES_AGGRESSIVE;
				CLANG_CXX_LANGUAGE_STANDARD = "gnu++14";
				CLANG_CXX_LIBRARY = "libc++";
				CLANG_ENABLE_MODULES = YES;
				CLANG_ENABLE_OBJC_ARC = YES;
				CLANG_ENABLE_OBJC_WEAK = YES;
				CLANG_WARN_BLOCK_CAPTURE_AUTORELEASING = YES;
				CLANG_WARN_BOOL_CONVERSION = YES;
				CLANG_WARN_COMMA = YES;
				CLANG_WARN_CONSTANT_CONVERSION = YES;
				CLANG_WARN_DEPRECATED_OBJC_IMPLEMENTATIONS = YES;
				CLANG_WARN_DIRECT_OBJC_ISA_USAGE = YES_ERROR;
				CLANG_WARN_DOCUMENTATION_COMMENTS = YES;
				CLANG_WARN_EMPTY_BODY = YES;
				CLANG_WARN_ENUM_CONVERSION = YES;
				CLANG_WARN_INFINITE_RECURSION = YES;
				CLANG_WARN_INT_CONVERSION = YES;
				CLANG_WARN_NON_LITERAL_NULL_CONVERSION = YES;
				CLANG_WARN_OBJC_IMPLICIT_RETAIN_SELF = YES;
				CLANG_WARN_OBJC_LITERAL_CONVERSION = YES;
				CLANG_WARN_OBJC_ROOT_CLASS = YES_ERROR;
				CLANG_WARN_QUOTED_INCLUDE_IN_FRAMEWORK_HEADER = YES;
				CLANG_WARN_RANGE_LOOP_ANALYSIS = YES;
				CLANG_WARN_STRICT_PROTOTYPES = YES;
				CLANG_WARN_SUSPICIOUS_MOVE = YES;
				CLANG_WARN_UNGUARDED_AVAILABILITY = YES_AGGRESSIVE;
				CLANG_WARN_UNREACHABLE_CODE = YES;
				CLANG_WARN__DUPLICATE_METHOD_MATCH = YES;
				COPY_PHASE_STRIP = NO;
				DEBUG_INFORMATION_FORMAT = "dwarf-with-dsym";
				ENABLE_NS_ASSERTIONS = NO;
				ENABLE_STRICT_OBJC_MSGSEND = YES;
				GCC_C_LANGUAGE_STANDARD = gnu11;
				GCC_NO_COMMON_BLOCKS = YES;
				GCC_WARN_64_TO_32_BIT_CONVERSION = YES;
				GCC_WARN_ABOUT_RETURN_TYPE = YES_ERROR;
				GCC_WARN_UNDECLARED_SELECTOR = YES;
				GCC_WARN_UNINITIALIZED_AUTOS = YES_AGGRESSIVE;
				GCC_WARN_UNUSED_FUNCTION = YES;
				GCC_WARN_UNUSED_VARIABLE = YES;
				IPHONEOS_DEPLOYMENT_TARGET = 15.0;
				MTL_ENABLE_DEBUG_INFO = NO;
				MTL_FAST_MATH = YES;
				PRODUCT_NAME = "$(TARGET_NAME)";
				SDKROOT = iphoneos;
				SWIFT_COMPILATION_MODE = wholemodule;
				SWIFT_OPTIMIZATION_LEVEL = "-O";
				SWIFT_VERSION = 5.0;
			};
			name = Release;
		};
/* End XCBuildConfiguration section */

/* Begin XCConfigurationList section */
		48DBA181A6A39DBF09AFCFD5 /* Build configuration list for PBXProject "TempoHNPWA" */ = {
			isa = XCConfigurationList;
			buildConfigurations = (
				9EF11AF80BAB8A30846C8D41 /* Debug */,
				ABB0CBB687618FF9CED660B7 /* Release */,
			);
			defaultConfigurationIsVisible = 0;
			defaultConfigurationName = Debug;
		};
		AD058772A3AD18107CAF52DE /* Build configuration list for PBXNativeTarget "TempoHNPWA" */ = {
			isa = XCConfigurationList;
			buildConfigurations = (
				05393DEEFE22CD76FFBE7AB1 /* Debug */,
				11A5A312FD65F8D0C65E693D /* Release */,
			);
			defaultConfigurationIsVisible = 0;
			defaultConfigurationName = Debug;
		};
/* End XCConfigurationList section */
	};
	rootObject = D6F15F0A8115C0DF3E67EC29 /* Project object */;
}
